<Solution>
  <Folder Name="/src/">
    <Project Path="src/OtherMonad.Maybe/OtherMonad.Maybe.csproj" />
    <Project Path="src/OtherMonad.Either/OtherMonad.Either.csproj" />
    <Project Path="src/OtherMonad.Result/OtherMonad.Result.csproj" />
  </Folder>
  <Folder Name="/tests/">
    <Project Path="tests/OtherMonad.Maybe.Tests/OtherMonad.Maybe.Tests.csproj" />
    <Project Path="tests/OtherMonad.Either.Tests/OtherMonad.Either.Tests.csproj" />
    <Project Path="tests/OtherMonad.Result.Tests/OtherMonad.Result.Tests.csproj" />
  </Folder>
  <Folder Name="/benchmarks/">
    <Project Path="benchmarks/OtherMonad.Benchmarks/OtherMonad.Benchmarks.csproj" />
  </Folder>
</Solution>
